
Microsoft Visual Studio Solution File, Format Version 12.00
# Visual Studio Version 17
VisualStudioVersion = 17.7.34024.191
MinimumVisualStudioVersion = 10.0.40219.1
Project("{9A19103F-16F7-4668-BE54-9A1E7A4F7556}") = "CFA_API", "CFA_JWT_AUTH\CFA_API.csproj", "{FBE88C34-3309-431C-AA61-624D7FBCB450}"
EndProject
Project("{9A19103F-16F7-4668-BE54-9A1E7A4F7556}") = "UserManagement.Data", "UserManagement.Data\UserManagement.Data.csproj", "{A1DA789A-990B-4E9C-89CC-E4C47CEFF3AC}"
EndProject
Project("{9A19103F-16F7-4668-BE54-9A1E7A4F7556}") = "UserManagement.Business", "UserManagement.Business\UserManagement.Business.csproj", "{46E7B1A3-D45A-4460-BC69-E8DD7E95CE6B}"
EndProject
Global
	GlobalSection(SolutionConfigurationPlatforms) = preSolution
		Debug|Any CPU = Debug|Any CPU
		Release|Any CPU = Release|Any CPU
	EndGlobalSection
	GlobalSection(ProjectConfigurationPlatforms) = postSolution
		{FBE88C34-3309-431C-AA61-624D7FBCB450}.Debug|Any CPU.ActiveCfg = Debug|Any CPU
		{FBE88C34-3309-431C-AA61-624D7FBCB450}.Debug|Any CPU.Build.0 = Debug|Any CPU
		{FBE88C34-3309-431C-AA61-624D7FBCB450}.Release|Any CPU.ActiveCfg = Release|Any CPU
		{FBE88C34-3309-431C-AA61-624D7FBCB450}.Release|Any CPU.Build.0 = Release|Any CPU
		{A1DA789A-990B-4E9C-89CC-E4C47CEFF3AC}.Debug|Any CPU.ActiveCfg = Debug|Any CPU
		{A1DA789A-990B-4E9C-89CC-E4C47CEFF3AC}.Debug|Any CPU.Build.0 = Debug|Any CPU
		{A1DA789A-990B-4E9C-89CC-E4C47CEFF3AC}.Release|Any CPU.ActiveCfg = Release|Any CPU
		{A1DA789A-990B-4E9C-89CC-E4C47CEFF3AC}.Release|Any CPU.Build.0 = Release|Any CPU
		{46E7B1A3-D45A-4460-BC69-E8DD7E95CE6B}.Debug|Any CPU.ActiveCfg = Debug|Any CPU
		{46E7B1A3-D45A-4460-BC69-E8DD7E95CE6B}.Debug|Any CPU.Build.0 = Debug|Any CPU
		{46E7B1A3-D45A-4460-BC69-E8DD7E95CE6B}.Release|Any CPU.ActiveCfg = Release|Any CPU
		{46E7B1A3-D45A-4460-BC69-E8DD7E95CE6B}.Release|Any CPU.Build.0 = Release|Any CPU
	EndGlobalSection
	GlobalSection(SolutionProperties) = preSolution
		HideSolutionNode = FALSE
	EndGlobalSection
	GlobalSection(ExtensibilityGlobals) = postSolution
		SolutionGuid = {2D799904-72CF-4417-A1FD-ABCF3F179C2F}
	EndGlobalSection
EndGlobal
