
Microsoft Visual Studio Solution File, Format Version 12.00
# Visual Studio Version 17
VisualStudioVersion = 17.7.34024.191
MinimumVisualStudioVersion = 10.0.40219.1
Project("{FAE04EC0-301F-11D3-BF4B-00C04F79EFBC}") = "CFA_JWT_AUTH", "CFA_JWT_AUTH\CFA_JWT_AUTH.csproj", "{FBE88C34-3309-431C-AA61-624D7FBCB450}"
EndProject
Global
	GlobalSection(SolutionConfigurationPlatforms) = preSolution
		Debug|Any CPU = Debug|Any CPU
		Release|Any CPU = Release|Any CPU
	EndGlobalSection
	GlobalSection(ProjectConfigurationPlatforms) = postSolution
		{FBE88C34-3309-431C-AA61-624D7FBCB450}.Debug|Any CPU.ActiveCfg = Debug|Any CPU
		{FBE88C34-3309-431C-AA61-624D7FBCB450}.Debug|Any CPU.Build.0 = Debug|Any CPU
		{FBE88C34-3309-431C-AA61-624D7FBCB450}.Release|Any CPU.ActiveCfg = Release|Any CPU
		{FBE88C34-3309-431C-AA61-624D7FBCB450}.Release|Any CPU.Build.0 = Release|Any CPU
	EndGlobalSection
	GlobalSection(SolutionProperties) = preSolution
		HideSolutionNode = FALSE
	EndGlobalSection
	GlobalSection(ExtensibilityGlobals) = postSolution
		SolutionGuid = {2D799904-72CF-4417-A1FD-ABCF3F179C2F}
	EndGlobalSection
EndGlobal
